
Microsoft Visual Studio Solution File, Format Version 12.00
# Visual Studio 15
VisualStudioVersion = 15.0.27428.2005
MinimumVisualStudioVersion = 10.0.40219.1
Project("{FAE04EC0-301F-11D3-BF4B-00C04F79EFBC}") = "XUnitTestProject1", "XUnitTestProject1\XUnitTestProject1.csproj", "{2CE3B783-B1C9-4B29-A5E6-90FF9D892134}"
EndProject
Project("{FAE04EC0-301F-11D3-BF4B-00C04F79EFBC}") = "XUnitAttributes", "XUnitAttributes\XUnitAttributes.csproj", "{8C369093-1792-43C1-A8D6-FE4A9534BD9B}"
EndProject
Global
	GlobalSection(SolutionConfigurationPlatforms) = preSolution
		Debug|Any CPU = Debug|Any CPU
		Release|Any CPU = Release|Any CPU
	EndGlobalSection
	GlobalSection(ProjectConfigurationPlatforms) = postSolution
		{2CE3B783-B1C9-4B29-A5E6-90FF9D892134}.Debug|Any CPU.ActiveCfg = Debug|Any CPU
		{2CE3B783-B1C9-4B29-A5E6-90FF9D892134}.Debug|Any CPU.Build.0 = Debug|Any CPU
		{2CE3B783-B1C9-4B29-A5E6-90FF9D892134}.Release|Any CPU.ActiveCfg = Release|Any CPU
		{2CE3B783-B1C9-4B29-A5E6-90FF9D892134}.Release|Any CPU.Build.0 = Release|Any CPU
		{8C369093-1792-43C1-A8D6-FE4A9534BD9B}.Debug|Any CPU.ActiveCfg = Debug|Any CPU
		{8C369093-1792-43C1-A8D6-FE4A9534BD9B}.Debug|Any CPU.Build.0 = Debug|Any CPU
		{8C369093-1792-43C1-A8D6-FE4A9534BD9B}.Release|Any CPU.ActiveCfg = Release|Any CPU
		{8C369093-1792-43C1-A8D6-FE4A9534BD9B}.Release|Any CPU.Build.0 = Release|Any CPU
	EndGlobalSection
	GlobalSection(SolutionProperties) = preSolution
		HideSolutionNode = FALSE
	EndGlobalSection
	GlobalSection(ExtensibilityGlobals) = postSolution
		SolutionGuid = {D5A84857-5C72-4BE2-9321-E266FFF3A61D}
	EndGlobalSection
EndGlobal
